
Microsoft Visual Studio Solution File, Format Version 12.00
# Visual Studio Version 17
VisualStudioVersion = 17.5.33502.453
MinimumVisualStudioVersion = 10.0.40219.1
Project("{FAE04EC0-301F-11D3-BF4B-00C04F79EFBC}") = "UserSystem", "UserSystem\UserSystem.csproj", "{77F363B5-659D-4B95-8F0E-4687B9F8C74F}"
EndProject
Global
	GlobalSection(SolutionConfigurationPlatforms) = preSolution
		Debug|Any CPU = Debug|Any CPU
		Release|Any CPU = Release|Any CPU
	EndGlobalSection
	GlobalSection(ProjectConfigurationPlatforms) = postSolution
		{77F363B5-659D-4B95-8F0E-4687B9F8C74F}.Debug|Any CPU.ActiveCfg = Debug|Any CPU
		{77F363B5-659D-4B95-8F0E-4687B9F8C74F}.Debug|Any CPU.Build.0 = Debug|Any CPU
		{77F363B5-659D-4B95-8F0E-4687B9F8C74F}.Release|Any CPU.ActiveCfg = Release|Any CPU
		{77F363B5-659D-4B95-8F0E-4687B9F8C74F}.Release|Any CPU.Build.0 = Release|Any CPU
	EndGlobalSection
	GlobalSection(SolutionProperties) = preSolution
		HideSolutionNode = FALSE
	EndGlobalSection
	GlobalSection(ExtensibilityGlobals) = postSolution
		SolutionGuid = {73C3DC54-6C16-4339-B3E4-028156A8397C}
	EndGlobalSection
EndGlobal
